
Microsoft Visual Studio Solution File, Format Version 12.00
# Visual Studio Version 17
VisualStudioVersion = 17.9.34723.18
MinimumVisualStudioVersion = 10.0.40219.1
Project("{FAE04EC0-301F-11D3-BF4B-00C04F79EFBC}") = "envioDeCorreos", "envioDeCorreos\envioDeCorreos.csproj", "{0397DE34-4846-4C3E-A678-27FCAA51B432}"
EndProject
Global
	GlobalSection(SolutionConfigurationPlatforms) = preSolution
		Debug|Any CPU = Debug|Any CPU
		Release|Any CPU = Release|Any CPU
	EndGlobalSection
	GlobalSection(ProjectConfigurationPlatforms) = postSolution
		{0397DE34-4846-4C3E-A678-27FCAA51B432}.Debug|Any CPU.ActiveCfg = Debug|Any CPU
		{0397DE34-4846-4C3E-A678-27FCAA51B432}.Debug|Any CPU.Build.0 = Debug|Any CPU
		{0397DE34-4846-4C3E-A678-27FCAA51B432}.Release|Any CPU.ActiveCfg = Release|Any CPU
		{0397DE34-4846-4C3E-A678-27FCAA51B432}.Release|Any CPU.Build.0 = Release|Any CPU
	EndGlobalSection
	GlobalSection(SolutionProperties) = preSolution
		HideSolutionNode = FALSE
	EndGlobalSection
	GlobalSection(ExtensibilityGlobals) = postSolution
		SolutionGuid = {8A3B3F34-05C8-47ED-84AB-C8FD438CBB62}
	EndGlobalSection
EndGlobal
